
Microsoft Visual Studio Solution File, Format Version 12.00
# Visual Studio Version 16
VisualStudioVersion = 16.0.30621.155
MinimumVisualStudioVersion = 10.0.40219.1
Project("{9A19103F-16F7-4668-BE54-9A1E7A4F7556}") = "StudentsApplication", "StudentsApplication\StudentsApplication.csproj", "{54276052-D054-4E64-971C-5A7A0D8B9F37}"
EndProject
Project("{FAE04EC0-301F-11D3-BF4B-00C04F79EFBC}") = "Entities", "Entities\Entities.csproj", "{1A457525-6362-4F6F-A987-2D07CE3257CD}"
EndProject
Global
	GlobalSection(SolutionConfigurationPlatforms) = preSolution
		Debug|Any CPU = Debug|Any CPU
		Release|Any CPU = Release|Any CPU
	EndGlobalSection
	GlobalSection(ProjectConfigurationPlatforms) = postSolution
		{54276052-D054-4E64-971C-5A7A0D8B9F37}.Debug|Any CPU.ActiveCfg = Debug|Any CPU
		{54276052-D054-4E64-971C-5A7A0D8B9F37}.Debug|Any CPU.Build.0 = Debug|Any CPU
		{54276052-D054-4E64-971C-5A7A0D8B9F37}.Release|Any CPU.ActiveCfg = Release|Any CPU
		{54276052-D054-4E64-971C-5A7A0D8B9F37}.Release|Any CPU.Build.0 = Release|Any CPU
		{1A457525-6362-4F6F-A987-2D07CE3257CD}.Debug|Any CPU.ActiveCfg = Debug|Any CPU
		{1A457525-6362-4F6F-A987-2D07CE3257CD}.Debug|Any CPU.Build.0 = Debug|Any CPU
		{1A457525-6362-4F6F-A987-2D07CE3257CD}.Release|Any CPU.ActiveCfg = Release|Any CPU
		{1A457525-6362-4F6F-A987-2D07CE3257CD}.Release|Any CPU.Build.0 = Release|Any CPU
	EndGlobalSection
	GlobalSection(SolutionProperties) = preSolution
		HideSolutionNode = FALSE
	EndGlobalSection
	GlobalSection(ExtensibilityGlobals) = postSolution
		SolutionGuid = {9722C047-F973-4138-9B49-7FEEE419F6F9}
	EndGlobalSection
EndGlobal
